
Microsoft Visual Studio Solution File, Format Version 12.00
# Visual Studio Version 17
VisualStudioVersion = 17.13.35919.96 d17.13
MinimumVisualStudioVersion = 10.0.40219.1
Project("{FAE04EC0-301F-11D3-BF4B-00C04F79EFBC}") = "CoffeeMachine", "CoffeeMachine\CoffeeMachine.csproj", "{F6256A2C-B44C-4CAC-B98C-4E55B99559C3}"
EndProject
Project("{FAE04EC0-301F-11D3-BF4B-00C04F79EFBC}") = "CalculateChange", "CalculateChange\CalculateChange.csproj", "{4E28A0C1-456A-4026-B0E6-2B6A089E3C81}"
EndProject
Global
	GlobalSection(SolutionConfigurationPlatforms) = preSolution
		Debug|Any CPU = Debug|Any CPU
		Release|Any CPU = Release|Any CPU
	EndGlobalSection
	GlobalSection(ProjectConfigurationPlatforms) = postSolution
		{F6256A2C-B44C-4CAC-B98C-4E55B99559C3}.Debug|Any CPU.ActiveCfg = Debug|Any CPU
		{F6256A2C-B44C-4CAC-B98C-4E55B99559C3}.Debug|Any CPU.Build.0 = Debug|Any CPU
		{F6256A2C-B44C-4CAC-B98C-4E55B99559C3}.Release|Any CPU.ActiveCfg = Release|Any CPU
		{F6256A2C-B44C-4CAC-B98C-4E55B99559C3}.Release|Any CPU.Build.0 = Release|Any CPU
		{4E28A0C1-456A-4026-B0E6-2B6A089E3C81}.Debug|Any CPU.ActiveCfg = Debug|Any CPU
		{4E28A0C1-456A-4026-B0E6-2B6A089E3C81}.Debug|Any CPU.Build.0 = Debug|Any CPU
		{4E28A0C1-456A-4026-B0E6-2B6A089E3C81}.Release|Any CPU.ActiveCfg = Release|Any CPU
		{4E28A0C1-456A-4026-B0E6-2B6A089E3C81}.Release|Any CPU.Build.0 = Release|Any CPU
	EndGlobalSection
	GlobalSection(SolutionProperties) = preSolution
		HideSolutionNode = FALSE
	EndGlobalSection
	GlobalSection(ExtensibilityGlobals) = postSolution
		SolutionGuid = {AFF2A6C5-CFB9-4F05-9319-DF2137D66576}
	EndGlobalSection
EndGlobal
